// !$*UTF8*$!
{
	archiveVersion = 1;
	classes = {
	};
	objectVersion = 46;
	objects = {

/* Begin PBXBuildFile section */
		DE0DC63418FB3322006A47D9 /* NSMutableArray+Modification.m in Sources */ = {isa = PBXBuildFile; fileRef = DE0DC63318FB3322006A47D9 /* NSMutableArray+Modification.m */; };
		DE5D1BEE1930229E000CE381 /* DDDDataWrappers.m in Sources */ = {isa = PBXBuildFile; fileRef = DE5D1BED1930229E000CE381 /* DDDDataWrappers.m */; };
		DE788156192C54CF005A50A1 /* DDDVideoOutputStreamingController.m in Sources */ = {isa = PBXBuildFile; fileRef = DE788155192C54CF005A50A1 /* DDDVideoOutputStreamingController.m */; };
		DE788159192C58ED005A50A1 /* DDDOutputVideoStream.m in Sources */ = {isa = PBXBuildFile; fileRef = DE788158192C58ED005A50A1 /* DDDOutputVideoStream.m */; };
		DE78815C192C5E7D005A50A1 /* NSData+BufferConversion.m in Sources */ = {isa = PBXBuildFile; fileRef = DE78815B192C5E7D005A50A1 /* NSData+BufferConversion.m */; };
		DE78815F192CA12E005A50A1 /* DDDAVCaptureManager.m in Sources */ = {isa = PBXBuildFile; fileRef = DE78815E192CA12E005A50A1 /* DDDAVCaptureManager.m */; };
		DE78816619301C9A005A50A1 /* DDDStreamingContainer.m in Sources */ = {isa = PBXBuildFile; fileRef = DE78816519301C9A005A50A1 /* DDDStreamingContainer.m */; };
		DEA9D21E18F227EE00BD5002 /* AVFoundation.framework in Frameworks */ = {isa = PBXBuildFile; fileRef = DEA9D21D18F227EE00BD5002 /* AVFoundation.framework */; };
		DECC65C219203F300076D3AB /* DDDViewModel.m in Sources */ = {isa = PBXBuildFile; fileRef = DECC65C119203F300076D3AB /* DDDViewModel.m */; };
		DECC65C619203F8B0076D3AB /* DDDViewController.m in Sources */ = {isa = PBXBuildFile; fileRef = DECC65C519203F8B0076D3AB /* DDDViewController.m */; };
		DECC65D31920495F0076D3AB /* DDDVideoViewModel.m in Sources */ = {isa = PBXBuildFile; fileRef = DECC65D21920495F0076D3AB /* DDDVideoViewModel.m */; };
		DECC65D619205D770076D3AB /* DDDVideoReceptionViewController.m in Sources */ = {isa = PBXBuildFile; fileRef = DECC65D519205D770076D3AB /* DDDVideoReceptionViewController.m */; };
		DEDAD80C18EA5D400020644C /* Foundation.framework in Frameworks */ = {isa = PBXBuildFile; fileRef = DEDAD80B18EA5D400020644C /* Foundation.framework */; };
		DEDAD80E18EA5D400020644C /* CoreGraphics.framework in Frameworks */ = {isa = PBXBuildFile; fileRef = DEDAD80D18EA5D400020644C /* CoreGraphics.framework */; };
		DEDAD81018EA5D400020644C /* UIKit.framework in Frameworks */ = {isa = PBXBuildFile; fileRef = DEDAD80F18EA5D400020644C /* UIKit.framework */; };
		DEDAD81618EA5D400020644C /* InfoPlist.strings in Resources */ = {isa = PBXBuildFile; fileRef = DEDAD81418EA5D400020644C /* InfoPlist.strings */; };
		DEDAD81818EA5D400020644C /* main.m in Sources */ = {isa = PBXBuildFile; fileRef = DEDAD81718EA5D400020644C /* main.m */; };
		DEDAD81C18EA5D400020644C /* DDDAppDelegate.m in Sources */ = {isa = PBXBuildFile; fileRef = DEDAD81B18EA5D400020644C /* DDDAppDelegate.m */; };
		DEDAD81F18EA5D410020644C /* Main.storyboard in Resources */ = {isa = PBXBuildFile; fileRef = DEDAD81D18EA5D400020644C /* Main.storyboard */; };
		DEDAD82218EA5D410020644C /* DDDContainerViewController.m in Sources */ = {isa = PBXBuildFile; fileRef = DEDAD82118EA5D410020644C /* DDDContainerViewController.m */; };
		DEDAD82418EA5D410020644C /* Images.xcassets in Resources */ = {isa = PBXBuildFile; fileRef = DEDAD82318EA5D410020644C /* Images.xcassets */; };
		DEDAD82B18EA5D410020644C /* XCTest.framework in Frameworks */ = {isa = PBXBuildFile; fileRef = DEDAD82A18EA5D410020644C /* XCTest.framework */; };
		DEDAD82C18EA5D410020644C /* Foundation.framework in Frameworks */ = {isa = PBXBuildFile; fileRef = DEDAD80B18EA5D400020644C /* Foundation.framework */; };
		DEDAD82D18EA5D410020644C /* UIKit.framework in Frameworks */ = {isa = PBXBuildFile; fileRef = DEDAD80F18EA5D400020644C /* UIKit.framework */; };
		DEDAD83518EA5D410020644C /* InfoPlist.strings in Resources */ = {isa = PBXBuildFile; fileRef = DEDAD83318EA5D410020644C /* InfoPlist.strings */; };
		DEDAD83718EA5D410020644C /* P2PTestAppTests.m in Sources */ = {isa = PBXBuildFile; fileRef = DEDAD83618EA5D410020644C /* P2PTestAppTests.m */; };
		DEDAD84118EA5D620020644C /* MultipeerConnectivity.framework in Frameworks */ = {isa = PBXBuildFile; fileRef = DEDAD84018EA5D620020644C /* MultipeerConnectivity.framework */; };
		DEDAD84318EA5DEA0020644C /* CoreVideo.framework in Frameworks */ = {isa = PBXBuildFile; fileRef = DEDAD84218EA5DEA0020644C /* CoreVideo.framework */; };
		DEDAD84618EA5EB50020644C /* DDDVideoRoomViewController.m in Sources */ = {isa = PBXBuildFile; fileRef = DEDAD84518EA5EB50020644C /* DDDVideoRoomViewController.m */; };
		DEDAD84918EA5EC30020644C /* DDDVideoBroadcastViewController.m in Sources */ = {isa = PBXBuildFile; fileRef = DEDAD84818EA5EC30020644C /* DDDVideoBroadcastViewController.m */; };
		DEDAD85118EA5F5A0020644C /* DDDSessionContainer.m in Sources */ = {isa = PBXBuildFile; fileRef = DEDAD85018EA5F5A0020644C /* DDDSessionContainer.m */; };
/* End PBXBuildFile section */

/* Begin PBXContainerItemProxy section */
		DEDAD82E18EA5D410020644C /* PBXContainerItemProxy */ = {
			isa = PBXContainerItemProxy;
			containerPortal = DEDAD80018EA5D400020644C /* Project object */;
			proxyType = 1;
			remoteGlobalIDString = DEDAD80718EA5D400020644C;
			remoteInfo = P2PTestApp;
		};
/* End PBXContainerItemProxy section */

/* Begin PBXFileReference section */
		DE0DC63218FB3322006A47D9 /* NSMutableArray+Modification.h */ = {isa = PBXFileReference; fileEncoding = 4; lastKnownFileType = sourcecode.c.h; path = "NSMutableArray+Modification.h"; sourceTree = "<group>"; };
		DE0DC63318FB3322006A47D9 /* NSMutableArray+Modification.m */ = {isa = PBXFileReference; fileEncoding = 4; lastKnownFileType = sourcecode.c.objc; path = "NSMutableArray+Modification.m"; sourceTree = "<group>"; };
		DE5D1BEC1930229E000CE381 /* DDDDataWrappers.h */ = {isa = PBXFileReference; fileEncoding = 4; lastKnownFileType = sourcecode.c.h; path = DDDDataWrappers.h; sourceTree = "<group>"; };
		DE5D1BED1930229E000CE381 /* DDDDataWrappers.m */ = {isa = PBXFileReference; fileEncoding = 4; lastKnownFileType = sourcecode.c.objc; path = DDDDataWrappers.m; sourceTree = "<group>"; };
		DE788154192C54CF005A50A1 /* DDDVideoOutputStreamingController.h */ = {isa = PBXFileReference; fileEncoding = 4; lastKnownFileType = sourcecode.c.h; path = DDDVideoOutputStreamingController.h; sourceTree = "<group>"; };
		DE788155192C54CF005A50A1 /* DDDVideoOutputStreamingController.m */ = {isa = PBXFileReference; fileEncoding = 4; lastKnownFileType = sourcecode.c.objc; path = DDDVideoOutputStreamingController.m; sourceTree = "<group>"; };
		DE788157192C58ED005A50A1 /* DDDOutputVideoStream.h */ = {isa = PBXFileReference; fileEncoding = 4; lastKnownFileType = sourcecode.c.h; path = DDDOutputVideoStream.h; sourceTree = "<group>"; };
		DE788158192C58ED005A50A1 /* DDDOutputVideoStream.m */ = {isa = PBXFileReference; fileEncoding = 4; lastKnownFileType = sourcecode.c.objc; path = DDDOutputVideoStream.m; sourceTree = "<group>"; };
		DE78815A192C5E7D005A50A1 /* NSData+BufferConversion.h */ = {isa = PBXFileReference; fileEncoding = 4; lastKnownFileType = sourcecode.c.h; path = "NSData+BufferConversion.h"; sourceTree = "<group>"; };
		DE78815B192C5E7D005A50A1 /* NSData+BufferConversion.m */ = {isa = PBXFileReference; fileEncoding = 4; lastKnownFileType = sourcecode.c.objc; path = "NSData+BufferConversion.m"; sourceTree = "<group>"; };
		DE78815D192CA12E005A50A1 /* DDDAVCaptureManager.h */ = {isa = PBXFileReference; fileEncoding = 4; lastKnownFileType = sourcecode.c.h; path = DDDAVCaptureManager.h; sourceTree = "<group>"; };
		DE78815E192CA12E005A50A1 /* DDDAVCaptureManager.m */ = {isa = PBXFileReference; fileEncoding = 4; lastKnownFileType = sourcecode.c.objc; path = DDDAVCaptureManager.m; sourceTree = "<group>"; };
		DE78816419301C9A005A50A1 /* DDDPeerKitContainer.h */ = {isa = PBXFileReference; fileEncoding = 4; lastKnownFileType = sourcecode.c.h; path = DDDPeerKitContainer.h; sourceTree = "<group>"; };
		DE78816519301C9A005A50A1 /* DDDStreamingContainer.m */ = {isa = PBXFileReference; fileEncoding = 4; lastKnownFileType = sourcecode.c.objc; path = DDDStreamingContainer.m; sourceTree = "<group>"; };
		DEA9D21D18F227EE00BD5002 /* AVFoundation.framework */ = {isa = PBXFileReference; lastKnownFileType = wrapper.framework; name = AVFoundation.framework; path = System/Library/Frameworks/AVFoundation.framework; sourceTree = SDKROOT; };
		DECC65C019203F300076D3AB /* DDDViewModel.h */ = {isa = PBXFileReference; fileEncoding = 4; lastKnownFileType = sourcecode.c.h; path = DDDViewModel.h; sourceTree = "<group>"; };
		DECC65C119203F300076D3AB /* DDDViewModel.m */ = {isa = PBXFileReference; fileEncoding = 4; lastKnownFileType = sourcecode.c.objc; path = DDDViewModel.m; sourceTree = "<group>"; };
		DECC65C419203F8B0076D3AB /* DDDViewController.h */ = {isa = PBXFileReference; fileEncoding = 4; lastKnownFileType = sourcecode.c.h; path = DDDViewController.h; sourceTree = "<group>"; };
		DECC65C519203F8B0076D3AB /* DDDViewController.m */ = {isa = PBXFileReference; fileEncoding = 4; lastKnownFileType = sourcecode.c.objc; path = DDDViewController.m; sourceTree = "<group>"; };
		DECC65C9192040D00076D3AB /* DDDMainStoryboardIdentifiers.h */ = {isa = PBXFileReference; lastKnownFileType = sourcecode.c.h; path = DDDMainStoryboardIdentifiers.h; sourceTree = "<group>"; };
		DECC65CC192045AE0076D3AB /* DDDViewControllers.h */ = {isa = PBXFileReference; fileEncoding = 4; lastKnownFileType = sourcecode.c.h; path = DDDViewControllers.h; sourceTree = "<group>"; };
		DECC65CE1920466E0076D3AB /* DDDCategories.h */ = {isa = PBXFileReference; fileEncoding = 4; lastKnownFileType = sourcecode.c.h; path = DDDCategories.h; sourceTree = "<group>"; };
		DECC65D0192046B10076D3AB /* DDDHelpers.h */ = {isa = PBXFileReference; fileEncoding = 4; lastKnownFileType = sourcecode.c.h; path = DDDHelpers.h; sourceTree = "<group>"; };
		DECC65D11920495F0076D3AB /* DDDVideoViewModel.h */ = {isa = PBXFileReference; fileEncoding = 4; lastKnownFileType = sourcecode.c.h; path = DDDVideoViewModel.h; sourceTree = "<group>"; };
		DECC65D21920495F0076D3AB /* DDDVideoViewModel.m */ = {isa = PBXFileReference; fileEncoding = 4; lastKnownFileType = sourcecode.c.objc; path = DDDVideoViewModel.m; sourceTree = "<group>"; };
		DECC65D419205D770076D3AB /* DDDVideoReceptionViewController.h */ = {isa = PBXFileReference; fileEncoding = 4; lastKnownFileType = sourcecode.c.h; path = DDDVideoReceptionViewController.h; sourceTree = "<group>"; };
		DECC65D519205D770076D3AB /* DDDVideoReceptionViewController.m */ = {isa = PBXFileReference; fileEncoding = 4; lastKnownFileType = sourcecode.c.objc; path = DDDVideoReceptionViewController.m; sourceTree = "<group>"; };
		DEDAD80818EA5D400020644C /* P2PTestApp.app */ = {isa = PBXFileReference; explicitFileType = wrapper.application; includeInIndex = 0; path = P2PTestApp.app; sourceTree = BUILT_PRODUCTS_DIR; };
		DEDAD80B18EA5D400020644C /* Foundation.framework */ = {isa = PBXFileReference; lastKnownFileType = wrapper.framework; name = Foundation.framework; path = System/Library/Frameworks/Foundation.framework; sourceTree = SDKROOT; };
		DEDAD80D18EA5D400020644C /* CoreGraphics.framework */ = {isa = PBXFileReference; lastKnownFileType = wrapper.framework; name = CoreGraphics.framework; path = System/Library/Frameworks/CoreGraphics.framework; sourceTree = SDKROOT; };
		DEDAD80F18EA5D400020644C /* UIKit.framework */ = {isa = PBXFileReference; lastKnownFileType = wrapper.framework; name = UIKit.framework; path = System/Library/Frameworks/UIKit.framework; sourceTree = SDKROOT; };
		DEDAD81318EA5D400020644C /* P2PTestApp-Info.plist */ = {isa = PBXFileReference; lastKnownFileType = text.plist.xml; path = "P2PTestApp-Info.plist"; sourceTree = "<group>"; };
		DEDAD81518EA5D400020644C /* en */ = {isa = PBXFileReference; lastKnownFileType = text.plist.strings; name = en; path = en.lproj/InfoPlist.strings; sourceTree = "<group>"; };
		DEDAD81718EA5D400020644C /* main.m */ = {isa = PBXFileReference; lastKnownFileType = sourcecode.c.objc; path = main.m; sourceTree = "<group>"; };
		DEDAD81918EA5D400020644C /* P2PTestApp-Prefix.pch */ = {isa = PBXFileReference; lastKnownFileType = sourcecode.c.h; path = "P2PTestApp-Prefix.pch"; sourceTree = "<group>"; };
		DEDAD81A18EA5D400020644C /* DDDAppDelegate.h */ = {isa = PBXFileReference; lastKnownFileType = sourcecode.c.h; path = DDDAppDelegate.h; sourceTree = "<group>"; };
		DEDAD81B18EA5D400020644C /* DDDAppDelegate.m */ = {isa = PBXFileReference; lastKnownFileType = sourcecode.c.objc; path = DDDAppDelegate.m; sourceTree = "<group>"; };
		DEDAD81E18EA5D400020644C /* Base */ = {isa = PBXFileReference; lastKnownFileType = file.storyboard; name = Base; path = Base.lproj/Main.storyboard; sourceTree = "<group>"; };
		DEDAD82018EA5D410020644C /* DDDContainerViewController.h */ = {isa = PBXFileReference; lastKnownFileType = sourcecode.c.h; path = DDDContainerViewController.h; sourceTree = "<group>"; };
		DEDAD82118EA5D410020644C /* DDDContainerViewController.m */ = {isa = PBXFileReference; lastKnownFileType = sourcecode.c.objc; path = DDDContainerViewController.m; sourceTree = "<group>"; };
		DEDAD82318EA5D410020644C /* Images.xcassets */ = {isa = PBXFileReference; lastKnownFileType = folder.assetcatalog; path = Images.xcassets; sourceTree = "<group>"; };
		DEDAD82918EA5D410020644C /* P2PTestAppTests.xctest */ = {isa = PBXFileReference; explicitFileType = wrapper.cfbundle; includeInIndex = 0; path = P2PTestAppTests.xctest; sourceTree = BUILT_PRODUCTS_DIR; };
		DEDAD82A18EA5D410020644C /* XCTest.framework */ = {isa = PBXFileReference; lastKnownFileType = wrapper.framework; name = XCTest.framework; path = Library/Frameworks/XCTest.framework; sourceTree = DEVELOPER_DIR; };
		DEDAD83218EA5D410020644C /* P2PTestAppTests-Info.plist */ = {isa = PBXFileReference; lastKnownFileType = text.plist.xml; path = "P2PTestAppTests-Info.plist"; sourceTree = "<group>"; };
		DEDAD83418EA5D410020644C /* en */ = {isa = PBXFileReference; lastKnownFileType = text.plist.strings; name = en; path = en.lproj/InfoPlist.strings; sourceTree = "<group>"; };
		DEDAD83618EA5D410020644C /* P2PTestAppTests.m */ = {isa = PBXFileReference; lastKnownFileType = sourcecode.c.objc; path = P2PTestAppTests.m; sourceTree = "<group>"; };
		DEDAD84018EA5D620020644C /* MultipeerConnectivity.framework */ = {isa = PBXFileReference; lastKnownFileType = wrapper.framework; name = MultipeerConnectivity.framework; path = System/Library/Frameworks/MultipeerConnectivity.framework; sourceTree = SDKROOT; };
		DEDAD84218EA5DEA0020644C /* CoreVideo.framework */ = {isa = PBXFileReference; lastKnownFileType = wrapper.framework; name = CoreVideo.framework; path = System/Library/Frameworks/CoreVideo.framework; sourceTree = SDKROOT; };
		DEDAD84418EA5EB50020644C /* DDDVideoRoomViewController.h */ = {isa = PBXFileReference; fileEncoding = 4; lastKnownFileType = sourcecode.c.h; path = DDDVideoRoomViewController.h; sourceTree = "<group>"; };
		DEDAD84518EA5EB50020644C /* DDDVideoRoomViewController.m */ = {isa = PBXFileReference; fileEncoding = 4; lastKnownFileType = sourcecode.c.objc; path = DDDVideoRoomViewController.m; sourceTree = "<group>"; };
		DEDAD84718EA5EC30020644C /* DDDVideoBroadcastViewController.h */ = {isa = PBXFileReference; fileEncoding = 4; lastKnownFileType = sourcecode.c.h; path = DDDVideoBroadcastViewController.h; sourceTree = "<group>"; };
		DEDAD84818EA5EC30020644C /* DDDVideoBroadcastViewController.m */ = {isa = PBXFileReference; fileEncoding = 4; lastKnownFileType = sourcecode.c.objc; path = DDDVideoBroadcastViewController.m; sourceTree = "<group>"; };
		DEDAD84F18EA5F5A0020644C /* DDDSessionContainer.h */ = {isa = PBXFileReference; fileEncoding = 4; lastKnownFileType = sourcecode.c.h; path = DDDSessionContainer.h; sourceTree = "<group>"; };
		DEDAD85018EA5F5A0020644C /* DDDSessionContainer.m */ = {isa = PBXFileReference; fileEncoding = 4; lastKnownFileType = sourcecode.c.objc; path = DDDSessionContainer.m; sourceTree = "<group>"; };
/* End PBXFileReference section */

/* Begin PBXFrameworksBuildPhase section */
		DEDAD80518EA5D400020644C /* Frameworks */ = {
			isa = PBXFrameworksBuildPhase;
			buildActionMask = 2147483647;
			files = (
				DEA9D21E18F227EE00BD5002 /* AVFoundation.framework in Frameworks */,
				DEDAD84318EA5DEA0020644C /* CoreVideo.framework in Frameworks */,
				DEDAD84118EA5D620020644C /* MultipeerConnectivity.framework in Frameworks */,
				DEDAD80E18EA5D400020644C /* CoreGraphics.framework in Frameworks */,
				DEDAD81018EA5D400020644C /* UIKit.framework in Frameworks */,
				DEDAD80C18EA5D400020644C /* Foundation.framework in Frameworks */,
			);
			runOnlyForDeploymentPostprocessing = 0;
		};
		DEDAD82618EA5D410020644C /* Frameworks */ = {
			isa = PBXFrameworksBuildPhase;
			buildActionMask = 2147483647;
			files = (
				DEDAD82B18EA5D410020644C /* XCTest.framework in Frameworks */,
				DEDAD82D18EA5D410020644C /* UIKit.framework in Frameworks */,
				DEDAD82C18EA5D410020644C /* Foundation.framework in Frameworks */,
			);
			runOnlyForDeploymentPostprocessing = 0;
		};
/* End PBXFrameworksBuildPhase section */

/* Begin PBXGroup section */
		DE0DC63118FB3308006A47D9 /* Categories */ = {
			isa = PBXGroup;
			children = (
				DECC65CE1920466E0076D3AB /* DDDCategories.h */,
				DE0DC63218FB3322006A47D9 /* NSMutableArray+Modification.h */,
				DE0DC63318FB3322006A47D9 /* NSMutableArray+Modification.m */,
				DE78815A192C5E7D005A50A1 /* NSData+BufferConversion.h */,
				DE78815B192C5E7D005A50A1 /* NSData+BufferConversion.m */,
			);
			name = Categories;
			sourceTree = "<group>";
		};
		DE78816319301BB8005A50A1 /* Managers */ = {
			isa = PBXGroup;
			children = (
				DE78816419301C9A005A50A1 /* DDDPeerKitContainer.h */,
				DE78816519301C9A005A50A1 /* DDDStreamingContainer.m */,
				DE5D1BEC1930229E000CE381 /* DDDDataWrappers.h */,
				DE5D1BED1930229E000CE381 /* DDDDataWrappers.m */,
			);
			name = Managers;
			sourceTree = "<group>";
		};
		DEA9D21C18F2178700BD5002 /* Views */ = {
			isa = PBXGroup;
			children = (
				DECC65CC192045AE0076D3AB /* DDDViewControllers.h */,
				DECC65D719205E3A0076D3AB /* Video Reception */,
				DECC65C819203FF00076D3AB /* Video Broadcast */,
				DECC65C719203FE90076D3AB /* Video Room */,
				DECC65C319203F7F0076D3AB /* Shared */,
				DEDAD82018EA5D410020644C /* DDDContainerViewController.h */,
				DEDAD82118EA5D410020644C /* DDDContainerViewController.m */,
				DECC65C9192040D00076D3AB /* DDDMainStoryboardIdentifiers.h */,
			);
			name = Views;
			sourceTree = "<group>";
		};
		DECC65BF19203F100076D3AB /* View Models */ = {
			isa = PBXGroup;
			children = (
				DECC65C019203F300076D3AB /* DDDViewModel.h */,
				DECC65C119203F300076D3AB /* DDDViewModel.m */,
				DECC65D11920495F0076D3AB /* DDDVideoViewModel.h */,
				DECC65D21920495F0076D3AB /* DDDVideoViewModel.m */,
			);
			name = "View Models";
			sourceTree = "<group>";
		};
		DECC65C319203F7F0076D3AB /* Shared */ = {
			isa = PBXGroup;
			children = (
				DECC65C419203F8B0076D3AB /* DDDViewController.h */,
				DECC65C519203F8B0076D3AB /* DDDViewController.m */,
			);
			name = Shared;
			sourceTree = "<group>";
		};
		DECC65C719203FE90076D3AB /* Video Room */ = {
			isa = PBXGroup;
			children = (
				DEDAD84418EA5EB50020644C /* DDDVideoRoomViewController.h */,
				DEDAD84518EA5EB50020644C /* DDDVideoRoomViewController.m */,
			);
			name = "Video Room";
			sourceTree = "<group>";
		};
		DECC65C819203FF00076D3AB /* Video Broadcast */ = {
			isa = PBXGroup;
			children = (
				DEDAD84718EA5EC30020644C /* DDDVideoBroadcastViewController.h */,
				DEDAD84818EA5EC30020644C /* DDDVideoBroadcastViewController.m */,
			);
			name = "Video Broadcast";
			sourceTree = "<group>";
		};
		DECC65CF1920469C0076D3AB /* Helpers */ = {
			isa = PBXGroup;
			children = (
				DE78815D192CA12E005A50A1 /* DDDAVCaptureManager.h */,
				DE78815E192CA12E005A50A1 /* DDDAVCaptureManager.m */,
				DECC65D0192046B10076D3AB /* DDDHelpers.h */,
				DE788154192C54CF005A50A1 /* DDDVideoOutputStreamingController.h */,
				DE788155192C54CF005A50A1 /* DDDVideoOutputStreamingController.m */,
				DE788157192C58ED005A50A1 /* DDDOutputVideoStream.h */,
				DE788158192C58ED005A50A1 /* DDDOutputVideoStream.m */,
			);
			name = Helpers;
			sourceTree = "<group>";
		};
		DECC65D719205E3A0076D3AB /* Video Reception */ = {
			isa = PBXGroup;
			children = (
				DECC65D419205D770076D3AB /* DDDVideoReceptionViewController.h */,
				DECC65D519205D770076D3AB /* DDDVideoReceptionViewController.m */,
			);
			name = "Video Reception";
			sourceTree = "<group>";
		};
		DEDAD7FF18EA5D400020644C = {
			isa = PBXGroup;
			children = (
				DEDAD81118EA5D400020644C /* P2PTestApp */,
				DEDAD83018EA5D410020644C /* P2PTestAppTests */,
				DEDAD80A18EA5D400020644C /* Frameworks */,
				DEDAD80918EA5D400020644C /* Products */,
			);
			sourceTree = "<group>";
		};
		DEDAD80918EA5D400020644C /* Products */ = {
			isa = PBXGroup;
			children = (
				DEDAD80818EA5D400020644C /* P2PTestApp.app */,
				DEDAD82918EA5D410020644C /* P2PTestAppTests.xctest */,
			);
			name = Products;
			sourceTree = "<group>";
		};
		DEDAD80A18EA5D400020644C /* Frameworks */ = {
			isa = PBXGroup;
			children = (
				DEA9D21D18F227EE00BD5002 /* AVFoundation.framework */,
				DEDAD84218EA5DEA0020644C /* CoreVideo.framework */,
				DEDAD84018EA5D620020644C /* MultipeerConnectivity.framework */,
				DEDAD80B18EA5D400020644C /* Foundation.framework */,
				DEDAD80D18EA5D400020644C /* CoreGraphics.framework */,
				DEDAD80F18EA5D400020644C /* UIKit.framework */,
				DEDAD82A18EA5D410020644C /* XCTest.framework */,
			);
			name = Frameworks;
			sourceTree = "<group>";
		};
		DEDAD81118EA5D400020644C /* P2PTestApp */ = {
			isa = PBXGroup;
			children = (
				DE78816319301BB8005A50A1 /* Managers */,
				DECC65CF1920469C0076D3AB /* Helpers */,
				DECC65BF19203F100076D3AB /* View Models */,
				DE0DC63118FB3308006A47D9 /* Categories */,
				DEA9D21C18F2178700BD5002 /* Views */,
				DEDAD84B18EA5F360020644C /* Models */,
				DEDAD81A18EA5D400020644C /* DDDAppDelegate.h */,
				DEDAD81B18EA5D400020644C /* DDDAppDelegate.m */,
				DEDAD81D18EA5D400020644C /* Main.storyboard */,
				DEDAD82318EA5D410020644C /* Images.xcassets */,
				DEDAD81218EA5D400020644C /* Supporting Files */,
			);
			path = P2PTestApp;
			sourceTree = "<group>";
		};
		DEDAD81218EA5D400020644C /* Supporting Files */ = {
			isa = PBXGroup;
			children = (
				DEDAD81318EA5D400020644C /* P2PTestApp-Info.plist */,
				DEDAD81418EA5D400020644C /* InfoPlist.strings */,
				DEDAD81718EA5D400020644C /* main.m */,
				DEDAD81918EA5D400020644C /* P2PTestApp-Prefix.pch */,
			);
			name = "Supporting Files";
			sourceTree = "<group>";
		};
		DEDAD83018EA5D410020644C /* P2PTestAppTests */ = {
			isa = PBXGroup;
			children = (
				DEDAD83618EA5D410020644C /* P2PTestAppTests.m */,
				DEDAD83118EA5D410020644C /* Supporting Files */,
			);
			path = P2PTestAppTests;
			sourceTree = "<group>";
		};
		DEDAD83118EA5D410020644C /* Supporting Files */ = {
			isa = PBXGroup;
			children = (
				DEDAD83218EA5D410020644C /* P2PTestAppTests-Info.plist */,
				DEDAD83318EA5D410020644C /* InfoPlist.strings */,
			);
			name = "Supporting Files";
			sourceTree = "<group>";
		};
		DEDAD84B18EA5F360020644C /* Models */ = {
			isa = PBXGroup;
			children = (
				DEDAD84F18EA5F5A0020644C /* DDDSessionContainer.h */,
				DEDAD85018EA5F5A0020644C /* DDDSessionContainer.m */,
			);
			name = Models;
			sourceTree = "<group>";
		};
/* End PBXGroup section */

/* Begin PBXNativeTarget section */
		DEDAD80718EA5D400020644C /* P2PTestApp */ = {
			isa = PBXNativeTarget;
			buildConfigurationList = DEDAD83A18EA5D410020644C /* Build configuration list for PBXNativeTarget "P2PTestApp" */;
			buildPhases = (
				DEDAD80418EA5D400020644C /* Sources */,
				DEDAD80518EA5D400020644C /* Frameworks */,
				DEDAD80618EA5D400020644C /* Resources */,
			);
			buildRules = (
			);
			dependencies = (
			);
			name = P2PTestApp;
			productName = P2PTestApp;
			productReference = DEDAD80818EA5D400020644C /* P2PTestApp.app */;
			productType = "com.apple.product-type.application";
		};
		DEDAD82818EA5D410020644C /* P2PTestAppTests */ = {
			isa = PBXNativeTarget;
			buildConfigurationList = DEDAD83D18EA5D410020644C /* Build configuration list for PBXNativeTarget "P2PTestAppTests" */;
			buildPhases = (
				DEDAD82518EA5D410020644C /* Sources */,
				DEDAD82618EA5D410020644C /* Frameworks */,
				DEDAD82718EA5D410020644C /* Resources */,
			);
			buildRules = (
			);
			dependencies = (
				DEDAD82F18EA5D410020644C /* PBXTargetDependency */,
			);
			name = P2PTestAppTests;
			productName = P2PTestAppTests;
			productReference = DEDAD82918EA5D410020644C /* P2PTestAppTests.xctest */;
			productType = "com.apple.product-type.bundle.unit-test";
		};
/* End PBXNativeTarget section */

/* Begin PBXProject section */
		DEDAD80018EA5D400020644C /* Project object */ = {
			isa = PBXProject;
			attributes = {
				CLASSPREFIX = DDD;
				LastUpgradeCheck = 0510;
				ORGANIZATIONNAME = dotdotdot;
				TargetAttributes = {
					DEDAD80718EA5D400020644C = {
						DevelopmentTeam = S6WS4PD5A7;
					};
					DEDAD82818EA5D410020644C = {
						TestTargetID = DEDAD80718EA5D400020644C;
					};
				};
			};
			buildConfigurationList = DEDAD80318EA5D400020644C /* Build configuration list for PBXProject "P2PTestApp" */;
			compatibilityVersion = "Xcode 3.2";
			developmentRegion = English;
			hasScannedForEncodings = 0;
			knownRegions = (
				en,
				Base,
			);
			mainGroup = DEDAD7FF18EA5D400020644C;
			productRefGroup = DEDAD80918EA5D400020644C /* Products */;
			projectDirPath = "";
			projectRoot = "";
			targets = (
				DEDAD80718EA5D400020644C /* P2PTestApp */,
				DEDAD82818EA5D410020644C /* P2PTestAppTests */,
			);
		};
/* End PBXProject section */

/* Begin PBXResourcesBuildPhase section */
		DEDAD80618EA5D400020644C /* Resources */ = {
			isa = PBXResourcesBuildPhase;
			buildActionMask = 2147483647;
			files = (
				DEDAD82418EA5D410020644C /* Images.xcassets in Resources */,
				DEDAD81618EA5D400020644C /* InfoPlist.strings in Resources */,
				DEDAD81F18EA5D410020644C /* Main.storyboard in Resources */,
			);
			runOnlyForDeploymentPostprocessing = 0;
		};
		DEDAD82718EA5D410020644C /* Resources */ = {
			isa = PBXResourcesBuildPhase;
			buildActionMask = 2147483647;
			files = (
				DEDAD83518EA5D410020644C /* InfoPlist.strings in Resources */,
			);
			runOnlyForDeploymentPostprocessing = 0;
		};
/* End PBXResourcesBuildPhase section */

/* Begin PBXSourcesBuildPhase section */
		DEDAD80418EA5D400020644C /* Sources */ = {
			isa = PBXSourcesBuildPhase;
			buildActionMask = 2147483647;
			files = (
				DE788156192C54CF005A50A1 /* DDDVideoOutputStreamingController.m in Sources */,
				DECC65D31920495F0076D3AB /* DDDVideoViewModel.m in Sources */,
				DEDAD81818EA5D400020644C /* main.m in Sources */,
				DECC65C619203F8B0076D3AB /* DDDViewController.m in Sources */,
				DE5D1BEE1930229E000CE381 /* DDDDataWrappers.m in Sources */,
				DECC65C219203F300076D3AB /* DDDViewModel.m in Sources */,
				DE78815F192CA12E005A50A1 /* DDDAVCaptureManager.m in Sources */,
				DEDAD82218EA5D410020644C /* DDDContainerViewController.m in Sources */,
				DE78815C192C5E7D005A50A1 /* NSData+BufferConversion.m in Sources */,
				DEDAD84618EA5EB50020644C /* DDDVideoRoomViewController.m in Sources */,
				DEDAD84918EA5EC30020644C /* DDDVideoBroadcastViewController.m in Sources */,
				DECC65D619205D770076D3AB /* DDDVideoReceptionViewController.m in Sources */,
				DE78816619301C9A005A50A1 /* DDDStreamingContainer.m in Sources */,
				DE788159192C58ED005A50A1 /* DDDOutputVideoStream.m in Sources */,
				DEDAD85118EA5F5A0020644C /* DDDSessionContainer.m in Sources */,
				DEDAD81C18EA5D400020644C /* DDDAppDelegate.m in Sources */,
				DE0DC63418FB3322006A47D9 /* NSMutableArray+Modification.m in Sources */,
			);
			runOnlyForDeploymentPostprocessing = 0;
		};
		DEDAD82518EA5D410020644C /* Sources */ = {
			isa = PBXSourcesBuildPhase;
			buildActionMask = 2147483647;
			files = (
				DEDAD83718EA5D410020644C /* P2PTestAppTests.m in Sources */,
			);
			runOnlyForDeploymentPostprocessing = 0;
		};
/* End PBXSourcesBuildPhase section */

/* Begin PBXTargetDependency section */
		DEDAD82F18EA5D410020644C /* PBXTargetDependency */ = {
			isa = PBXTargetDependency;
			target = DEDAD80718EA5D400020644C /* P2PTestApp */;
			targetProxy = DEDAD82E18EA5D410020644C /* PBXContainerItemProxy */;
		};
/* End PBXTargetDependency section */

/* Begin PBXVariantGroup section */
		DEDAD81418EA5D400020644C /* InfoPlist.strings */ = {
			isa = PBXVariantGroup;
			children = (
				DEDAD81518EA5D400020644C /* en */,
			);
			name = InfoPlist.strings;
			sourceTree = "<group>";
		};
		DEDAD81D18EA5D400020644C /* Main.storyboard */ = {
			isa = PBXVariantGroup;
			children = (
				DEDAD81E18EA5D400020644C /* Base */,
			);
			name = Main.storyboard;
			sourceTree = "<group>";
		};
		DEDAD83318EA5D410020644C /* InfoPlist.strings */ = {
			isa = PBXVariantGroup;
			children = (
				DEDAD83418EA5D410020644C /* en */,
			);
			name = InfoPlist.strings;
			sourceTree = "<group>";
		};
/* End PBXVariantGroup section */

/* Begin XCBuildConfiguration section */
		DEDAD83818EA5D410020644C /* Debug */ = {
			isa = XCBuildConfiguration;
			buildSettings = {
				ALWAYS_SEARCH_USER_PATHS = NO;
				CLANG_CXX_LANGUAGE_STANDARD = "gnu++0x";
				CLANG_CXX_LIBRARY = "libc++";
				CLANG_ENABLE_MODULES = YES;
				CLANG_ENABLE_OBJC_ARC = YES;
				CLANG_WARN_BOOL_CONVERSION = YES;
				CLANG_WARN_CONSTANT_CONVERSION = YES;
				CLANG_WARN_DIRECT_OBJC_ISA_USAGE = YES_ERROR;
				CLANG_WARN_EMPTY_BODY = YES;
				CLANG_WARN_ENUM_CONVERSION = YES;
				CLANG_WARN_INT_CONVERSION = YES;
				CLANG_WARN_OBJC_ROOT_CLASS = YES_ERROR;
				CLANG_WARN__DUPLICATE_METHOD_MATCH = YES;
				"CODE_SIGN_IDENTITY[sdk=iphoneos*]" = "iPhone Developer";
				COPY_PHASE_STRIP = NO;
				GCC_C_LANGUAGE_STANDARD = gnu99;
				GCC_DYNAMIC_NO_PIC = NO;
				GCC_OPTIMIZATION_LEVEL = 0;
				GCC_PREPROCESSOR_DEFINITIONS = (
					"DEBUG=1",
					"$(inherited)",
				);
				GCC_SYMBOLS_PRIVATE_EXTERN = NO;
				GCC_WARN_64_TO_32_BIT_CONVERSION = YES;
				GCC_WARN_ABOUT_RETURN_TYPE = YES_ERROR;
				GCC_WARN_UNDECLARED_SELECTOR = YES;
				GCC_WARN_UNINITIALIZED_AUTOS = YES_AGGRESSIVE;
				GCC_WARN_UNUSED_FUNCTION = YES;
				GCC_WARN_UNUSED_VARIABLE = YES;
				IPHONEOS_DEPLOYMENT_TARGET = 7.1;
				ONLY_ACTIVE_ARCH = YES;
				SDKROOT = iphoneos;
			};
			name = Debug;
		};
		DEDAD83918EA5D410020644C /* Release */ = {
			isa = XCBuildConfiguration;
			buildSettings = {
				ALWAYS_SEARCH_USER_PATHS = NO;
				CLANG_CXX_LANGUAGE_STANDARD = "gnu++0x";
				CLANG_CXX_LIBRARY = "libc++";
				CLANG_ENABLE_MODULES = YES;
				CLANG_ENABLE_OBJC_ARC = YES;
				CLANG_WARN_BOOL_CONVERSION = YES;
				CLANG_WARN_CONSTANT_CONVERSION = YES;
				CLANG_WARN_DIRECT_OBJC_ISA_USAGE = YES_ERROR;
				CLANG_WARN_EMPTY_BODY = YES;
				CLANG_WARN_ENUM_CONVERSION = YES;
				CLANG_WARN_INT_CONVERSION = YES;
				CLANG_WARN_OBJC_ROOT_CLASS = YES_ERROR;
				CLANG_WARN__DUPLICATE_METHOD_MATCH = YES;
				"CODE_SIGN_IDENTITY[sdk=iphoneos*]" = "iPhone Developer";
				COPY_PHASE_STRIP = YES;
				ENABLE_NS_ASSERTIONS = NO;
				GCC_C_LANGUAGE_STANDARD = gnu99;
				GCC_WARN_64_TO_32_BIT_CONVERSION = YES;
				GCC_WARN_ABOUT_RETURN_TYPE = YES_ERROR;
				GCC_WARN_UNDECLARED_SELECTOR = YES;
				GCC_WARN_UNINITIALIZED_AUTOS = YES_AGGRESSIVE;
				GCC_WARN_UNUSED_FUNCTION = YES;
				GCC_WARN_UNUSED_VARIABLE = YES;
				IPHONEOS_DEPLOYMENT_TARGET = 7.1;
				SDKROOT = iphoneos;
				VALIDATE_PRODUCT = YES;
			};
			name = Release;
		};
		DEDAD83B18EA5D410020644C /* Debug */ = {
			isa = XCBuildConfiguration;
			buildSettings = {
				ASSETCATALOG_COMPILER_APPICON_NAME = AppIcon;
				ASSETCATALOG_COMPILER_LAUNCHIMAGE_NAME = LaunchImage;
				CODE_SIGN_IDENTITY = "iPhone Developer";
				"CODE_SIGN_IDENTITY[sdk=iphoneos*]" = "iPhone Developer";
				GCC_PRECOMPILE_PREFIX_HEADER = YES;
				GCC_PREFIX_HEADER = "P2PTestApp/P2PTestApp-Prefix.pch";
				INFOPLIST_FILE = "P2PTestApp/P2PTestApp-Info.plist";
				PRODUCT_NAME = "$(TARGET_NAME)";
				PROVISIONING_PROFILE = "";
				WRAPPER_EXTENSION = app;
			};
			name = Debug;
		};
		DEDAD83C18EA5D410020644C /* Release */ = {
			isa = XCBuildConfiguration;
			buildSettings = {
				ASSETCATALOG_COMPILER_APPICON_NAME = AppIcon;
				ASSETCATALOG_COMPILER_LAUNCHIMAGE_NAME = LaunchImage;
				CODE_SIGN_IDENTITY = "iPhone Developer";
				"CODE_SIGN_IDENTITY[sdk=iphoneos*]" = "iPhone Developer";
				GCC_PRECOMPILE_PREFIX_HEADER = YES;
				GCC_PREFIX_HEADER = "P2PTestApp/P2PTestApp-Prefix.pch";
				INFOPLIST_FILE = "P2PTestApp/P2PTestApp-Info.plist";
				PRODUCT_NAME = "$(TARGET_NAME)";
				PROVISIONING_PROFILE = "";
				WRAPPER_EXTENSION = app;
			};
			name = Release;
		};
		DEDAD83E18EA5D410020644C /* Debug */ = {
			isa = XCBuildConfiguration;
			buildSettings = {
				BUNDLE_LOADER = "$(BUILT_PRODUCTS_DIR)/P2PTestApp.app/P2PTestApp";
				FRAMEWORK_SEARCH_PATHS = (
					"$(SDKROOT)/Developer/Library/Frameworks",
					"$(inherited)",
					"$(DEVELOPER_FRAMEWORKS_DIR)",
				);
				GCC_PRECOMPILE_PREFIX_HEADER = YES;
				GCC_PREFIX_HEADER = "P2PTestApp/P2PTestApp-Prefix.pch";
				GCC_PREPROCESSOR_DEFINITIONS = (
					"DEBUG=1",
					"$(inherited)",
				);
				INFOPLIST_FILE = "P2PTestAppTests/P2PTestAppTests-Info.plist";
				PRODUCT_NAME = "$(TARGET_NAME)";
				TEST_HOST = "$(BUNDLE_LOADER)";
				WRAPPER_EXTENSION = xctest;
			};
			name = Debug;
		};
		DEDAD83F18EA5D410020644C /* Release */ = {
			isa = XCBuildConfiguration;
			buildSettings = {
				BUNDLE_LOADER = "$(BUILT_PRODUCTS_DIR)/P2PTestApp.app/P2PTestApp";
				FRAMEWORK_SEARCH_PATHS = (
					"$(SDKROOT)/Developer/Library/Frameworks",
					"$(inherited)",
					"$(DEVELOPER_FRAMEWORKS_DIR)",
				);
				GCC_PRECOMPILE_PREFIX_HEADER = YES;
				GCC_PREFIX_HEADER = "P2PTestApp/P2PTestApp-Prefix.pch";
				INFOPLIST_FILE = "P2PTestAppTests/P2PTestAppTests-Info.plist";
				PRODUCT_NAME = "$(TARGET_NAME)";
				TEST_HOST = "$(BUNDLE_LOADER)";
				WRAPPER_EXTENSION = xctest;
			};
			name = Release;
		};
/* End XCBuildConfiguration section */

/* Begin XCConfigurationList section */
		DEDAD80318EA5D400020644C /* Build configuration list for PBXProject "P2PTestApp" */ = {
			isa = XCConfigurationList;
			buildConfigurations = (
				DEDAD83818EA5D410020644C /* Debug */,
				DEDAD83918EA5D410020644C /* Release */,
			);
			defaultConfigurationIsVisible = 0;
			defaultConfigurationName = Release;
		};
		DEDAD83A18EA5D410020644C /* Build configuration list for PBXNativeTarget "P2PTestApp" */ = {
			isa = XCConfigurationList;
			buildConfigurations = (
				DEDAD83B18EA5D410020644C /* Debug */,
				DEDAD83C18EA5D410020644C /* Release */,
			);
			defaultConfigurationIsVisible = 0;
			defaultConfigurationName = Release;
		};
		DEDAD83D18EA5D410020644C /* Build configuration list for PBXNativeTarget "P2PTestAppTests" */ = {
			isa = XCConfigurationList;
			buildConfigurations = (
				DEDAD83E18EA5D410020644C /* Debug */,
				DEDAD83F18EA5D410020644C /* Release */,
			);
			defaultConfigurationIsVisible = 0;
			defaultConfigurationName = Release;
		};
/* End XCConfigurationList section */
	};
	rootObject = DEDAD80018EA5D400020644C /* Project object */;
}
